PODS:
  - GoogleMaps (3.3.0):
    - GoogleMaps/Maps (= 3.3.0)
  - GoogleMaps/Base (3.3.0)
  - GoogleMaps/Maps (3.3.0):
    - GoogleMaps/Base
  - GooglePlaces (3.3.0):
    - GoogleMaps/Base (= 3.3.0)
  - JTAppleCalendar (7.1.7)

DEPENDENCIES:
  - GoogleMaps
  - GooglePlaces
  - JTAppleCalendar (~> 7.1.7)

SPEC REPOS:
  https://github.com/cocoapods/specs.git:
    - GoogleMaps
    - GooglePlaces
    - JTAppleCalendar

SPEC CHECKSUMS:
  GoogleMaps: cfee83da305b9aaeccf92c24ac79df11c3003492
  GooglePlaces: 1e2a87bd9efee9623ee65d44ecc35ebfecd7b13c
  JTAppleCalendar: 96da4d8388fa6dc82d6a60d41ef36a015e167e2f

PODFILE CHECKSUM: 7da33f663c854849b5d7179a63e200491feb12b0

COCOAPODS: 1.7.5
